Microsoft Visual Studio Solution File, Format Version 12.00
# Visual Studio 15
Project("{2150E333-8FDC-42A3-9474-1A3956D46DE8}") = "CMakePredefinedTargets", "CMakePredefinedTargets", "{90C87827-D7F1-3E98-A9A2-AAAAD89DCC33}"
EndProject
Project("{2150E333-8FDC-42A3-9474-1A3956D46DE8}") = "GLFW3", "GLFW3", "{B2DC5EA4-3D39-3D5A-86BB-19B1223C03C3}"
EndProject
Project("{2150E333-8FDC-42A3-9474-1A3956D46DE8}") = "Examples", "GLFW3\Examples", "{7C634043-5573-35F9-ABB3-F93CDF85F1A7}"
EndProject
Project("{2150E333-8FDC-42A3-9474-1A3956D46DE8}") = "Tests", "GLFW3\Tests", "{E0B132D0-7A97-35B0-A468-AE94F66F3A61}"
EndProject
Project("{8BC9CEB8-8B4A-11D0-8D11-00A0C91BC942}") = "ALL_BUILD", "ALL_BUILD.vcxproj", "{04416AC0-51B5-33E1-B7DA-FC54B8EDADF8}"
	ProjectSection(ProjectDependencies) = postProject
		{5568564A-8475-3EE7-8B4B-17E291050167} = {5568564A-8475-3EE7-8B4B-17E291050167}
		{ED81D971-1DA7-3D04-BB28-C8617F16A7D0} = {ED81D971-1DA7-3D04-BB28-C8617F16A7D0}
		{E2FD5F42-3E68-354B-8EA8-06818E6E198E} = {E2FD5F42-3E68-354B-8EA8-06818E6E198E}
		{8F5B2A72-737B-3D2B-B84D-4444CAE98D8A} = {8F5B2A72-737B-3D2B-B84D-4444CAE98D8A}
		{8DD0842E-E107-3C9C-959F-0C837466737C} = {8DD0842E-E107-3C9C-959F-0C837466737C}
		{2A9CBD84-2CE3-3F29-BC6F-07D3DEA13468} = {2A9CBD84-2CE3-3F29-BC6F-07D3DEA13468}
		{0DE78D5E-457F-3C09-BA53-7EB50CF24636} = {0DE78D5E-457F-3C09-BA53-7EB50CF24636}
		{A49C9072-2F91-32D4-B8BC-183AB6B213B8} = {A49C9072-2F91-32D4-B8BC-183AB6B213B8}
		{DB791B0F-FAF1-310F-89F9-C976C54BDE3D} = {DB791B0F-FAF1-310F-89F9-C976C54BDE3D}
		{B4602B68-764F-3ABE-931C-F50DC17A1290} = {B4602B68-764F-3ABE-931C-F50DC17A1290}
		{2274DCFE-D22F-369A-9694-F396E15619F9} = {2274DCFE-D22F-369A-9694-F396E15619F9}
		{D5B8FCC7-6918-33DC-8A7F-DBCE4DEB5D66} = {D5B8FCC7-6918-33DC-8A7F-DBCE4DEB5D66}
		{9878B24F-DA6D-3CBF-A40B-307E33F8FE97} = {9878B24F-DA6D-3CBF-A40B-307E33F8FE97}
		{218DE23A-E57D-35D5-8B42-F661A7061BCC} = {218DE23A-E57D-35D5-8B42-F661A7061BCC}
		{3CA7AD26-9045-3068-997F-369AA4D1530D} = {3CA7AD26-9045-3068-997F-369AA4D1530D}
		{B52F16D9-0511-3CA4-818D-6FB693F91675} = {B52F16D9-0511-3CA4-818D-6FB693F91675}
		{97014A3A-F1E7-356F-B823-245A9D0C777E} = {97014A3A-F1E7-356F-B823-245A9D0C777E}
		{D9C26BB5-B165-3FE5-A568-690C2D61E18C} = {D9C26BB5-B165-3FE5-A568-690C2D61E18C}
		{2337AA4E-D7B9-3639-883D-306A4506460B} = {2337AA4E-D7B9-3639-883D-306A4506460B}
		{FD996FD7-7AE5-3631-8606-C130387B114D} = {FD996FD7-7AE5-3631-8606-C130387B114D}
		{A59C5648-B2FA-3386-A39C-6BF83204CF9C} = {A59C5648-B2FA-3386-A39C-6BF83204CF9C}
		{CC7EA797-9750-3D21-8FA5-11EE9D659363} = {CC7EA797-9750-3D21-8FA5-11EE9D659363}
		{C9C6CDDA-8447-3280-8C26-9F2A6770973A} = {C9C6CDDA-8447-3280-8C26-9F2A6770973A}
		{A65152EF-84EF-3E83-AAB7-531AA68619BC} = {A65152EF-84EF-3E83-AAB7-531AA68619BC}
		{3F6015A5-0B2B-3D74-98D3-399609C78957} = {3F6015A5-0B2B-3D74-98D3-399609C78957}
		{8FB7F305-173E-3414-9B73-6E07159AE6EF} = {8FB7F305-173E-3414-9B73-6E07159AE6EF}
		{EF39EFF7-3128-3B8F-8608-0874289DF471} = {EF39EFF7-3128-3B8F-8608-0874289DF471}
		{6015E092-377D-3085-B9C1-3E65620BA3F8} = {6015E092-377D-3085-B9C1-3E65620BA3F8}
		{56B63717-FEFF-36C1-B78C-D56BB65356B3} = {56B63717-FEFF-36C1-B78C-D56BB65356B3}
		{DEADB17F-B724-3E7C-AE54-54639A1AC0DE} = {DEADB17F-B724-3E7C-AE54-54639A1AC0DE}
		{30244973-141C-3774-9C7A-AAD3D90DA47C} = {30244973-141C-3774-9C7A-AAD3D90DA47C}
	EndProjectSection
EndProject
Project("{8BC9CEB8-8B4A-11D0-8D11-00A0C91BC942}") = "INSTALL", "INSTALL.vcxproj", "{4DB2EB14-6ED3-3B87-BD6B-D0B789F3BC8B}"
	ProjectSection(ProjectDependencies) = postProject
		{04416AC0-51B5-33E1-B7DA-FC54B8EDADF8} = {04416AC0-51B5-33E1-B7DA-FC54B8EDADF8}
		{5568564A-8475-3EE7-8B4B-17E291050167} = {5568564A-8475-3EE7-8B4B-17E291050167}
	EndProjectSection
EndProject
Project("{8BC9CEB8-8B4A-11D0-8D11-00A0C91BC942}") = "ZERO_CHECK", "ZERO_CHECK.vcxproj", "{5568564A-8475-3EE7-8B4B-17E291050167}"
	ProjectSection(ProjectDependencies) = postProject
	EndProjectSection
EndProject
Project("{8BC9CEB8-8B4A-11D0-8D11-00A0C91BC942}") = "boing", "examples\boing.vcxproj", "{ED81D971-1DA7-3D04-BB28-C8617F16A7D0}"
	ProjectSection(ProjectDependencies) = postProject
		{5568564A-8475-3EE7-8B4B-17E291050167} = {5568564A-8475-3EE7-8B4B-17E291050167}
		{DB791B0F-FAF1-310F-89F9-C976C54BDE3D} = {DB791B0F-FAF1-310F-89F9-C976C54BDE3D}
	EndProjectSection
EndProject
Project("{8BC9CEB8-8B4A-11D0-8D11-00A0C91BC942}") = "clipboard", "tests\clipboard.vcxproj", "{E2FD5F42-3E68-354B-8EA8-06818E6E198E}"
	ProjectSection(ProjectDependencies) = postProject
		{5568564A-8475-3EE7-8B4B-17E291050167} = {5568564A-8475-3EE7-8B4B-17E291050167}
		{DB791B0F-FAF1-310F-89F9-C976C54BDE3D} = {DB791B0F-FAF1-310F-89F9-C976C54BDE3D}
	EndProjectSection
EndProject
Project("{8BC9CEB8-8B4A-11D0-8D11-00A0C91BC942}") = "cursor", "tests\cursor.vcxproj", "{8F5B2A72-737B-3D2B-B84D-4444CAE98D8A}"
	ProjectSection(ProjectDependencies) = postProject
		{5568564A-8475-3EE7-8B4B-17E291050167} = {5568564A-8475-3EE7-8B4B-17E291050167}
		{DB791B0F-FAF1-310F-89F9-C976C54BDE3D} = {DB791B0F-FAF1-310F-89F9-C976C54BDE3D}
	EndProjectSection
EndProject
Project("{8BC9CEB8-8B4A-11D0-8D11-00A0C91BC942}") = "empty", "tests\empty.vcxproj", "{8DD0842E-E107-3C9C-959F-0C837466737C}"
	ProjectSection(ProjectDependencies) = postProject
		{5568564A-8475-3EE7-8B4B-17E291050167} = {5568564A-8475-3EE7-8B4B-17E291050167}
		{DB791B0F-FAF1-310F-89F9-C976C54BDE3D} = {DB791B0F-FAF1-310F-89F9-C976C54BDE3D}
	EndProjectSection
EndProject
Project("{8BC9CEB8-8B4A-11D0-8D11-00A0C91BC942}") = "events", "tests\events.vcxproj", "{2A9CBD84-2CE3-3F29-BC6F-07D3DEA13468}"
	ProjectSection(ProjectDependencies) = postProject
		{5568564A-8475-3EE7-8B4B-17E291050167} = {5568564A-8475-3EE7-8B4B-17E291050167}
		{DB791B0F-FAF1-310F-89F9-C976C54BDE3D} = {DB791B0F-FAF1-310F-89F9-C976C54BDE3D}
	EndProjectSection
EndProject
Project("{8BC9CEB8-8B4A-11D0-8D11-00A0C91BC942}") = "gamma", "tests\gamma.vcxproj", "{0DE78D5E-457F-3C09-BA53-7EB50CF24636}"
	ProjectSection(ProjectDependencies) = postProject
		{5568564A-8475-3EE7-8B4B-17E291050167} = {5568564A-8475-3EE7-8B4B-17E291050167}
		{DB791B0F-FAF1-310F-89F9-C976C54BDE3D} = {DB791B0F-FAF1-310F-89F9-C976C54BDE3D}
	EndProjectSection
EndProject
Project("{8BC9CEB8-8B4A-11D0-8D11-00A0C91BC942}") = "gears", "examples\gears.vcxproj", "{A49C9072-2F91-32D4-B8BC-183AB6B213B8}"
	ProjectSection(ProjectDependencies) = postProject
		{5568564A-8475-3EE7-8B4B-17E291050167} = {5568564A-8475-3EE7-8B4B-17E291050167}
		{DB791B0F-FAF1-310F-89F9-C976C54BDE3D} = {DB791B0F-FAF1-310F-89F9-C976C54BDE3D}
	EndProjectSection
EndProject
Project("{8BC9CEB8-8B4A-11D0-8D11-00A0C91BC942}") = "glfw", "src\glfw.vcxproj", "{DB791B0F-FAF1-310F-89F9-C976C54BDE3D}"
	ProjectSection(ProjectDependencies) = postProject
		{5568564A-8475-3EE7-8B4B-17E291050167} = {5568564A-8475-3EE7-8B4B-17E291050167}
	EndProjectSection
EndProject
Project("{8BC9CEB8-8B4A-11D0-8D11-00A0C91BC942}") = "glfwinfo", "tests\glfwinfo.vcxproj", "{B4602B68-764F-3ABE-931C-F50DC17A1290}"
	ProjectSection(ProjectDependencies) = postProject
		{5568564A-8475-3EE7-8B4B-17E291050167} = {5568564A-8475-3EE7-8B4B-17E291050167}
		{DB791B0F-FAF1-310F-89F9-C976C54BDE3D} = {DB791B0F-FAF1-310F-89F9-C976C54BDE3D}
	EndProjectSection
EndProject
Project("{8BC9CEB8-8B4A-11D0-8D11-00A0C91BC942}") = "heightmap", "examples\heightmap.vcxproj", "{2274DCFE-D22F-369A-9694-F396E15619F9}"
	ProjectSection(ProjectDependencies) = postProject
		{5568564A-8475-3EE7-8B4B-17E291050167} = {5568564A-8475-3EE7-8B4B-17E291050167}
		{DB791B0F-FAF1-310F-89F9-C976C54BDE3D} = {DB791B0F-FAF1-310F-89F9-C976C54BDE3D}
	EndProjectSection
EndProject
Project("{8BC9CEB8-8B4A-11D0-8D11-00A0C91BC942}") = "icon", "tests\icon.vcxproj", "{D5B8FCC7-6918-33DC-8A7F-DBCE4DEB5D66}"
	ProjectSection(ProjectDependencies) = postProject
		{5568564A-8475-3EE7-8B4B-17E291050167} = {5568564A-8475-3EE7-8B4B-17E291050167}
		{DB791B0F-FAF1-310F-89F9-C976C54BDE3D} = {DB791B0F-FAF1-310F-89F9-C976C54BDE3D}
	EndProjectSection
EndProject
Project("{8BC9CEB8-8B4A-11D0-8D11-00A0C91BC942}") = "iconify", "tests\iconify.vcxproj", "{9878B24F-DA6D-3CBF-A40B-307E33F8FE97}"
	ProjectSection(ProjectDependencies) = postProject
		{5568564A-8475-3EE7-8B4B-17E291050167} = {5568564A-8475-3EE7-8B4B-17E291050167}
		{DB791B0F-FAF1-310F-89F9-C976C54BDE3D} = {DB791B0F-FAF1-310F-89F9-C976C54BDE3D}
	EndProjectSection
EndProject
Project("{8BC9CEB8-8B4A-11D0-8D11-00A0C91BC942}") = "inputlag", "tests\inputlag.vcxproj", "{218DE23A-E57D-35D5-8B42-F661A7061BCC}"
	ProjectSection(ProjectDependencies) = postProject
		{5568564A-8475-3EE7-8B4B-17E291050167} = {5568564A-8475-3EE7-8B4B-17E291050167}
		{DB791B0F-FAF1-310F-89F9-C976C54BDE3D} = {DB791B0F-FAF1-310F-89F9-C976C54BDE3D}
	EndProjectSection
EndProject
Project("{8BC9CEB8-8B4A-11D0-8D11-00A0C91BC942}") = "joysticks", "tests\joysticks.vcxproj", "{3CA7AD26-9045-3068-997F-369AA4D1530D}"
	ProjectSection(ProjectDependencies) = postProject
		{5568564A-8475-3EE7-8B4B-17E291050167} = {5568564A-8475-3EE7-8B4B-17E291050167}
		{DB791B0F-FAF1-310F-89F9-C976C54BDE3D} = {DB791B0F-FAF1-310F-89F9-C976C54BDE3D}
	EndProjectSection
EndProject
Project("{8BC9CEB8-8B4A-11D0-8D11-00A0C91BC942}") = "monitors", "tests\monitors.vcxproj", "{B52F16D9-0511-3CA4-818D-6FB693F91675}"
	ProjectSection(ProjectDependencies) = postProject
		{5568564A-8475-3EE7-8B4B-17E291050167} = {5568564A-8475-3EE7-8B4B-17E291050167}
		{DB791B0F-FAF1-310F-89F9-C976C54BDE3D} = {DB791B0F-FAF1-310F-89F9-C976C54BDE3D}
	EndProjectSection
EndProject
Project("{8BC9CEB8-8B4A-11D0-8D11-00A0C91BC942}") = "msaa", "tests\msaa.vcxproj", "{97014A3A-F1E7-356F-B823-245A9D0C777E}"
	ProjectSection(ProjectDependencies) = postProject
		{5568564A-8475-3EE7-8B4B-17E291050167} = {5568564A-8475-3EE7-8B4B-17E291050167}
		{DB791B0F-FAF1-310F-89F9-C976C54BDE3D} = {DB791B0F-FAF1-310F-89F9-C976C54BDE3D}
	EndProjectSection
EndProject
Project("{8BC9CEB8-8B4A-11D0-8D11-00A0C91BC942}") = "offscreen", "examples\offscreen.vcxproj", "{D9C26BB5-B165-3FE5-A568-690C2D61E18C}"
	ProjectSection(ProjectDependencies) = postProject
		{5568564A-8475-3EE7-8B4B-17E291050167} = {5568564A-8475-3EE7-8B4B-17E291050167}
		{DB791B0F-FAF1-310F-89F9-C976C54BDE3D} = {DB791B0F-FAF1-310F-89F9-C976C54BDE3D}
	EndProjectSection
EndProject
Project("{8BC9CEB8-8B4A-11D0-8D11-00A0C91BC942}") = "opacity", "tests\opacity.vcxproj", "{2337AA4E-D7B9-3639-883D-306A4506460B}"
	ProjectSection(ProjectDependencies) = postProject
		{5568564A-8475-3EE7-8B4B-17E291050167} = {5568564A-8475-3EE7-8B4B-17E291050167}
		{DB791B0F-FAF1-310F-89F9-C976C54BDE3D} = {DB791B0F-FAF1-310F-89F9-C976C54BDE3D}
	EndProjectSection
EndProject
Project("{8BC9CEB8-8B4A-11D0-8D11-00A0C91BC942}") = "particles", "examples\particles.vcxproj", "{FD996FD7-7AE5-3631-8606-C130387B114D}"
	ProjectSection(ProjectDependencies) = postProject
		{5568564A-8475-3EE7-8B4B-17E291050167} = {5568564A-8475-3EE7-8B4B-17E291050167}
		{DB791B0F-FAF1-310F-89F9-C976C54BDE3D} = {DB791B0F-FAF1-310F-89F9-C976C54BDE3D}
	EndProjectSection
EndProject
Project("{8BC9CEB8-8B4A-11D0-8D11-00A0C91BC942}") = "reopen", "tests\reopen.vcxproj", "{A59C5648-B2FA-3386-A39C-6BF83204CF9C}"
	ProjectSection(ProjectDependencies) = postProject
		{5568564A-8475-3EE7-8B4B-17E291050167} = {5568564A-8475-3EE7-8B4B-17E291050167}
		{DB791B0F-FAF1-310F-89F9-C976C54BDE3D} = {DB791B0F-FAF1-310F-89F9-C976C54BDE3D}
	EndProjectSection
EndProject
Project("{8BC9CEB8-8B4A-11D0-8D11-00A0C91BC942}") = "sharing", "examples\sharing.vcxproj", "{CC7EA797-9750-3D21-8FA5-11EE9D659363}"
	ProjectSection(ProjectDependencies) = postProject
		{5568564A-8475-3EE7-8B4B-17E291050167} = {5568564A-8475-3EE7-8B4B-17E291050167}
		{DB791B0F-FAF1-310F-89F9-C976C54BDE3D} = {DB791B0F-FAF1-310F-89F9-C976C54BDE3D}
	EndProjectSection
EndProject
Project("{8BC9CEB8-8B4A-11D0-8D11-00A0C91BC942}") = "simple", "examples\simple.vcxproj", "{C9C6CDDA-8447-3280-8C26-9F2A6770973A}"
	ProjectSection(ProjectDependencies) = postProject
		{5568564A-8475-3EE7-8B4B-17E291050167} = {5568564A-8475-3EE7-8B4B-17E291050167}
		{DB791B0F-FAF1-310F-89F9-C976C54BDE3D} = {DB791B0F-FAF1-310F-89F9-C976C54BDE3D}
	EndProjectSection
EndProject
Project("{8BC9CEB8-8B4A-11D0-8D11-00A0C91BC942}") = "splitview", "examples\splitview.vcxproj", "{A65152EF-84EF-3E83-AAB7-531AA68619BC}"
	ProjectSection(ProjectDependencies) = postProject
		{5568564A-8475-3EE7-8B4B-17E291050167} = {5568564A-8475-3EE7-8B4B-17E291050167}
		{DB791B0F-FAF1-310F-89F9-C976C54BDE3D} = {DB791B0F-FAF1-310F-89F9-C976C54BDE3D}
	EndProjectSection
EndProject
Project("{8BC9CEB8-8B4A-11D0-8D11-00A0C91BC942}") = "tearing", "tests\tearing.vcxproj", "{3F6015A5-0B2B-3D74-98D3-399609C78957}"
	ProjectSection(ProjectDependencies) = postProject
		{5568564A-8475-3EE7-8B4B-17E291050167} = {5568564A-8475-3EE7-8B4B-17E291050167}
		{DB791B0F-FAF1-310F-89F9-C976C54BDE3D} = {DB791B0F-FAF1-310F-89F9-C976C54BDE3D}
	EndProjectSection
EndProject
Project("{8BC9CEB8-8B4A-11D0-8D11-00A0C91BC942}") = "threads", "tests\threads.vcxproj", "{8FB7F305-173E-3414-9B73-6E07159AE6EF}"
	ProjectSection(ProjectDependencies) = postProject
		{5568564A-8475-3EE7-8B4B-17E291050167} = {5568564A-8475-3EE7-8B4B-17E291050167}
		{DB791B0F-FAF1-310F-89F9-C976C54BDE3D} = {DB791B0F-FAF1-310F-89F9-C976C54BDE3D}
	EndProjectSection
EndProject
Project("{8BC9CEB8-8B4A-11D0-8D11-00A0C91BC942}") = "timeout", "tests\timeout.vcxproj", "{EF39EFF7-3128-3B8F-8608-0874289DF471}"
	ProjectSection(ProjectDependencies) = postProject
		{5568564A-8475-3EE7-8B4B-17E291050167} = {5568564A-8475-3EE7-8B4B-17E291050167}
		{DB791B0F-FAF1-310F-89F9-C976C54BDE3D} = {DB791B0F-FAF1-310F-89F9-C976C54BDE3D}
	EndProjectSection
EndProject
Project("{8BC9CEB8-8B4A-11D0-8D11-00A0C91BC942}") = "title", "tests\title.vcxproj", "{6015E092-377D-3085-B9C1-3E65620BA3F8}"
	ProjectSection(ProjectDependencies) = postProject
		{5568564A-8475-3EE7-8B4B-17E291050167} = {5568564A-8475-3EE7-8B4B-17E291050167}
		{DB791B0F-FAF1-310F-89F9-C976C54BDE3D} = {DB791B0F-FAF1-310F-89F9-C976C54BDE3D}
	EndProjectSection
EndProject
Project("{8BC9CEB8-8B4A-11D0-8D11-00A0C91BC942}") = "triangle-vulkan", "tests\triangle-vulkan.vcxproj", "{56B63717-FEFF-36C1-B78C-D56BB65356B3}"
	ProjectSection(ProjectDependencies) = postProject
		{5568564A-8475-3EE7-8B4B-17E291050167} = {5568564A-8475-3EE7-8B4B-17E291050167}
		{DB791B0F-FAF1-310F-89F9-C976C54BDE3D} = {DB791B0F-FAF1-310F-89F9-C976C54BDE3D}
	EndProjectSection
EndProject
Project("{8BC9CEB8-8B4A-11D0-8D11-00A0C91BC942}") = "uninstall", "uninstall.vcxproj", "{E072A63D-7702-3532-BED2-9E8AC9EAE7DA}"
	ProjectSection(ProjectDependencies) = postProject
		{5568564A-8475-3EE7-8B4B-17E291050167} = {5568564A-8475-3EE7-8B4B-17E291050167}
	EndProjectSection
EndProject
Project("{8BC9CEB8-8B4A-11D0-8D11-00A0C91BC942}") = "wave", "examples\wave.vcxproj", "{DEADB17F-B724-3E7C-AE54-54639A1AC0DE}"
	ProjectSection(ProjectDependencies) = postProject
		{5568564A-8475-3EE7-8B4B-17E291050167} = {5568564A-8475-3EE7-8B4B-17E291050167}
		{DB791B0F-FAF1-310F-89F9-C976C54BDE3D} = {DB791B0F-FAF1-310F-89F9-C976C54BDE3D}
	EndProjectSection
EndProject
Project("{8BC9CEB8-8B4A-11D0-8D11-00A0C91BC942}") = "windows", "tests\windows.vcxproj", "{30244973-141C-3774-9C7A-AAD3D90DA47C}"
	ProjectSection(ProjectDependencies) = postProject
		{5568564A-8475-3EE7-8B4B-17E291050167} = {5568564A-8475-3EE7-8B4B-17E291050167}
		{DB791B0F-FAF1-310F-89F9-C976C54BDE3D} = {DB791B0F-FAF1-310F-89F9-C976C54BDE3D}
	EndProjectSection
EndProject
Global
	GlobalSection(SolutionConfigurationPlatforms) = preSolution
		Debug|Win32 = Debug|Win32
		Release|Win32 = Release|Win32
		MinSizeRel|Win32 = MinSizeRel|Win32
		RelWithDebInfo|Win32 = RelWithDebInfo|Win32
	EndGlobalSection
	GlobalSection(ProjectConfigurationPlatforms) = postSolution
		{04416AC0-51B5-33E1-B7DA-FC54B8EDADF8}.Debug|Win32.ActiveCfg = Debug|Win32
		{04416AC0-51B5-33E1-B7DA-FC54B8EDADF8}.Debug|Win32.Build.0 = Debug|Win32
		{04416AC0-51B5-33E1-B7DA-FC54B8EDADF8}.Release|Win32.ActiveCfg = Release|Win32
		{04416AC0-51B5-33E1-B7DA-FC54B8EDADF8}.Release|Win32.Build.0 = Release|Win32
		{04416AC0-51B5-33E1-B7DA-FC54B8EDADF8}.MinSizeRel|Win32.ActiveCfg = MinSizeRel|Win32
		{04416AC0-51B5-33E1-B7DA-FC54B8EDADF8}.MinSizeRel|Win32.Build.0 = MinSizeRel|Win32
		{04416AC0-51B5-33E1-B7DA-FC54B8EDADF8}.RelWithDebInfo|Win32.ActiveCfg = RelWithDebInfo|Win32
		{04416AC0-51B5-33E1-B7DA-FC54B8EDADF8}.RelWithDebInfo|Win32.Build.0 = RelWithDebInfo|Win32
		{4DB2EB14-6ED3-3B87-BD6B-D0B789F3BC8B}.Debug|Win32.ActiveCfg = Debug|Win32
		{4DB2EB14-6ED3-3B87-BD6B-D0B789F3BC8B}.Release|Win32.ActiveCfg = Release|Win32
		{4DB2EB14-6ED3-3B87-BD6B-D0B789F3BC8B}.MinSizeRel|Win32.ActiveCfg = MinSizeRel|Win32
		{4DB2EB14-6ED3-3B87-BD6B-D0B789F3BC8B}.RelWithDebInfo|Win32.ActiveCfg = RelWithDebInfo|Win32
		{5568564A-8475-3EE7-8B4B-17E291050167}.Debug|Win32.ActiveCfg = Debug|Win32
		{5568564A-8475-3EE7-8B4B-17E291050167}.Debug|Win32.Build.0 = Debug|Win32
		{5568564A-8475-3EE7-8B4B-17E291050167}.Release|Win32.ActiveCfg = Release|Win32
		{5568564A-8475-3EE7-8B4B-17E291050167}.Release|Win32.Build.0 = Release|Win32
		{5568564A-8475-3EE7-8B4B-17E291050167}.MinSizeRel|Win32.ActiveCfg = MinSizeRel|Win32
		{5568564A-8475-3EE7-8B4B-17E291050167}.MinSizeRel|Win32.Build.0 = MinSizeRel|Win32
		{5568564A-8475-3EE7-8B4B-17E291050167}.RelWithDebInfo|Win32.ActiveCfg = RelWithDebInfo|Win32
		{5568564A-8475-3EE7-8B4B-17E291050167}.RelWithDebInfo|Win32.Build.0 = RelWithDebInfo|Win32
		{ED81D971-1DA7-3D04-BB28-C8617F16A7D0}.Debug|Win32.ActiveCfg = Debug|Win32
		{ED81D971-1DA7-3D04-BB28-C8617F16A7D0}.Debug|Win32.Build.0 = Debug|Win32
		{ED81D971-1DA7-3D04-BB28-C8617F16A7D0}.Release|Win32.ActiveCfg = Release|Win32
		{ED81D971-1DA7-3D04-BB28-C8617F16A7D0}.Release|Win32.Build.0 = Release|Win32
		{ED81D971-1DA7-3D04-BB28-C8617F16A7D0}.MinSizeRel|Win32.ActiveCfg = MinSizeRel|Win32
		{ED81D971-1DA7-3D04-BB28-C8617F16A7D0}.MinSizeRel|Win32.Build.0 = MinSizeRel|Win32
		{ED81D971-1DA7-3D04-BB28-C8617F16A7D0}.RelWithDebInfo|Win32.ActiveCfg = RelWithDebInfo|Win32
		{ED81D971-1DA7-3D04-BB28-C8617F16A7D0}.RelWithDebInfo|Win32.Build.0 = RelWithDebInfo|Win32
		{E2FD5F42-3E68-354B-8EA8-06818E6E198E}.Debug|Win32.ActiveCfg = Debug|Win32
		{E2FD5F42-3E68-354B-8EA8-06818E6E198E}.Debug|Win32.Build.0 = Debug|Win32
		{E2FD5F42-3E68-354B-8EA8-06818E6E198E}.Release|Win32.ActiveCfg = Release|Win32
		{E2FD5F42-3E68-354B-8EA8-06818E6E198E}.Release|Win32.Build.0 = Release|Win32
		{E2FD5F42-3E68-354B-8EA8-06818E6E198E}.MinSizeRel|Win32.ActiveCfg = MinSizeRel|Win32
		{E2FD5F42-3E68-354B-8EA8-06818E6E198E}.MinSizeRel|Win32.Build.0 = MinSizeRel|Win32
		{E2FD5F42-3E68-354B-8EA8-06818E6E198E}.RelWithDebInfo|Win32.ActiveCfg = RelWithDebInfo|Win32
		{E2FD5F42-3E68-354B-8EA8-06818E6E198E}.RelWithDebInfo|Win32.Build.0 = RelWithDebInfo|Win32
		{8F5B2A72-737B-3D2B-B84D-4444CAE98D8A}.Debug|Win32.ActiveCfg = Debug|Win32
		{8F5B2A72-737B-3D2B-B84D-4444CAE98D8A}.Debug|Win32.Build.0 = Debug|Win32
		{8F5B2A72-737B-3D2B-B84D-4444CAE98D8A}.Release|Win32.ActiveCfg = Release|Win32
		{8F5B2A72-737B-3D2B-B84D-4444CAE98D8A}.Release|Win32.Build.0 = Release|Win32
		{8F5B2A72-737B-3D2B-B84D-4444CAE98D8A}.MinSizeRel|Win32.ActiveCfg = MinSizeRel|Win32
		{8F5B2A72-737B-3D2B-B84D-4444CAE98D8A}.MinSizeRel|Win32.Build.0 = MinSizeRel|Win32
		{8F5B2A72-737B-3D2B-B84D-4444CAE98D8A}.RelWithDebInfo|Win32.ActiveCfg = RelWithDebInfo|Win32
		{8F5B2A72-737B-3D2B-B84D-4444CAE98D8A}.RelWithDebInfo|Win32.Build.0 = RelWithDebInfo|Win32
		{8DD0842E-E107-3C9C-959F-0C837466737C}.Debug|Win32.ActiveCfg = Debug|Win32
		{8DD0842E-E107-3C9C-959F-0C837466737C}.Debug|Win32.Build.0 = Debug|Win32
		{8DD0842E-E107-3C9C-959F-0C837466737C}.Release|Win32.ActiveCfg = Release|Win32
		{8DD0842E-E107-3C9C-959F-0C837466737C}.Release|Win32.Build.0 = Release|Win32
		{8DD0842E-E107-3C9C-959F-0C837466737C}.MinSizeRel|Win32.ActiveCfg = MinSizeRel|Win32
		{8DD0842E-E107-3C9C-959F-0C837466737C}.MinSizeRel|Win32.Build.0 = MinSizeRel|Win32
		{8DD0842E-E107-3C9C-959F-0C837466737C}.RelWithDebInfo|Win32.ActiveCfg = RelWithDebInfo|Win32
		{8DD0842E-E107-3C9C-959F-0C837466737C}.RelWithDebInfo|Win32.Build.0 = RelWithDebInfo|Win32
		{2A9CBD84-2CE3-3F29-BC6F-07D3DEA13468}.Debug|Win32.ActiveCfg = Debug|Win32
		{2A9CBD84-2CE3-3F29-BC6F-07D3DEA13468}.Debug|Win32.Build.0 = Debug|Win32
		{2A9CBD84-2CE3-3F29-BC6F-07D3DEA13468}.Release|Win32.ActiveCfg = Release|Win32
		{2A9CBD84-2CE3-3F29-BC6F-07D3DEA13468}.Release|Win32.Build.0 = Release|Win32
		{2A9CBD84-2CE3-3F29-BC6F-07D3DEA13468}.MinSizeRel|Win32.ActiveCfg = MinSizeRel|Win32
		{2A9CBD84-2CE3-3F29-BC6F-07D3DEA13468}.MinSizeRel|Win32.Build.0 = MinSizeRel|Win32
		{2A9CBD84-2CE3-3F29-BC6F-07D3DEA13468}.RelWithDebInfo|Win32.ActiveCfg = RelWithDebInfo|Win32
		{2A9CBD84-2CE3-3F29-BC6F-07D3DEA13468}.RelWithDebInfo|Win32.Build.0 = RelWithDebInfo|Win32
		{0DE78D5E-457F-3C09-BA53-7EB50CF24636}.Debug|Win32.ActiveCfg = Debug|Win32
		{0DE78D5E-457F-3C09-BA53-7EB50CF24636}.Debug|Win32.Build.0 = Debug|Win32
		{0DE78D5E-457F-3C09-BA53-7EB50CF24636}.Release|Win32.ActiveCfg = Release|Win32
		{0DE78D5E-457F-3C09-BA53-7EB50CF24636}.Release|Win32.Build.0 = Release|Win32
		{0DE78D5E-457F-3C09-BA53-7EB50CF24636}.MinSizeRel|Win32.ActiveCfg = MinSizeRel|Win32
		{0DE78D5E-457F-3C09-BA53-7EB50CF24636}.MinSizeRel|Win32.Build.0 = MinSizeRel|Win32
		{0DE78D5E-457F-3C09-BA53-7EB50CF24636}.RelWithDebInfo|Win32.ActiveCfg = RelWithDebInfo|Win32
		{0DE78D5E-457F-3C09-BA53-7EB50CF24636}.RelWithDebInfo|Win32.Build.0 = RelWithDebInfo|Win32
		{A49C9072-2F91-32D4-B8BC-183AB6B213B8}.Debug|Win32.ActiveCfg = Debug|Win32
		{A49C9072-2F91-32D4-B8BC-183AB6B213B8}.Debug|Win32.Build.0 = Debug|Win32
		{A49C9072-2F91-32D4-B8BC-183AB6B213B8}.Release|Win32.ActiveCfg = Release|Win32
		{A49C9072-2F91-32D4-B8BC-183AB6B213B8}.Release|Win32.Build.0 = Release|Win32
		{A49C9072-2F91-32D4-B8BC-183AB6B213B8}.MinSizeRel|Win32.ActiveCfg = MinSizeRel|Win32
		{A49C9072-2F91-32D4-B8BC-183AB6B213B8}.MinSizeRel|Win32.Build.0 = MinSizeRel|Win32
		{A49C9072-2F91-32D4-B8BC-183AB6B213B8}.RelWithDebInfo|Win32.ActiveCfg = RelWithDebInfo|Win32
		{A49C9072-2F91-32D4-B8BC-183AB6B213B8}.RelWithDebInfo|Win32.Build.0 = RelWithDebInfo|Win32
		{DB791B0F-FAF1-310F-89F9-C976C54BDE3D}.Debug|Win32.ActiveCfg = Debug|Win32
		{DB791B0F-FAF1-310F-89F9-C976C54BDE3D}.Debug|Win32.Build.0 = Debug|Win32
		{DB791B0F-FAF1-310F-89F9-C976C54BDE3D}.Release|Win32.ActiveCfg = Release|Win32
		{DB791B0F-FAF1-310F-89F9-C976C54BDE3D}.Release|Win32.Build.0 = Release|Win32
		{DB791B0F-FAF1-310F-89F9-C976C54BDE3D}.MinSizeRel|Win32.ActiveCfg = MinSizeRel|Win32
		{DB791B0F-FAF1-310F-89F9-C976C54BDE3D}.MinSizeRel|Win32.Build.0 = MinSizeRel|Win32
		{DB791B0F-FAF1-310F-89F9-C976C54BDE3D}.RelWithDebInfo|Win32.ActiveCfg = RelWithDebInfo|Win32
		{DB791B0F-FAF1-310F-89F9-C976C54BDE3D}.RelWithDebInfo|Win32.Build.0 = RelWithDebInfo|Win32
		{B4602B68-764F-3ABE-931C-F50DC17A1290}.Debug|Win32.ActiveCfg = Debug|Win32
		{B4602B68-764F-3ABE-931C-F50DC17A1290}.Debug|Win32.Build.0 = Debug|Win32
		{B4602B68-764F-3ABE-931C-F50DC17A1290}.Release|Win32.ActiveCfg = Release|Win32
		{B4602B68-764F-3ABE-931C-F50DC17A1290}.Release|Win32.Build.0 = Release|Win32
		{B4602B68-764F-3ABE-931C-F50DC17A1290}.MinSizeRel|Win32.ActiveCfg = MinSizeRel|Win32
		{B4602B68-764F-3ABE-931C-F50DC17A1290}.MinSizeRel|Win32.Build.0 = MinSizeRel|Win32
		{B4602B68-764F-3ABE-931C-F50DC17A1290}.RelWithDebInfo|Win32.ActiveCfg = RelWithDebInfo|Win32
		{B4602B68-764F-3ABE-931C-F50DC17A1290}.RelWithDebInfo|Win32.Build.0 = RelWithDebInfo|Win32
		{2274DCFE-D22F-369A-9694-F396E15619F9}.Debug|Win32.ActiveCfg = Debug|Win32
		{2274DCFE-D22F-369A-9694-F396E15619F9}.Debug|Win32.Build.0 = Debug|Win32
		{2274DCFE-D22F-369A-9694-F396E15619F9}.Release|Win32.ActiveCfg = Release|Win32
		{2274DCFE-D22F-369A-9694-F396E15619F9}.Release|Win32.Build.0 = Release|Win32
		{2274DCFE-D22F-369A-9694-F396E15619F9}.MinSizeRel|Win32.ActiveCfg = MinSizeRel|Win32
		{2274DCFE-D22F-369A-9694-F396E15619F9}.MinSizeRel|Win32.Build.0 = MinSizeRel|Win32
		{2274DCFE-D22F-369A-9694-F396E15619F9}.RelWithDebInfo|Win32.ActiveCfg = RelWithDebInfo|Win32
		{2274DCFE-D22F-369A-9694-F396E15619F9}.RelWithDebInfo|Win32.Build.0 = RelWithDebInfo|Win32
		{D5B8FCC7-6918-33DC-8A7F-DBCE4DEB5D66}.Debug|Win32.ActiveCfg = Debug|Win32
		{D5B8FCC7-6918-33DC-8A7F-DBCE4DEB5D66}.Debug|Win32.Build.0 = Debug|Win32
		{D5B8FCC7-6918-33DC-8A7F-DBCE4DEB5D66}.Release|Win32.ActiveCfg = Release|Win32
		{D5B8FCC7-6918-33DC-8A7F-DBCE4DEB5D66}.Release|Win32.Build.0 = Release|Win32
		{D5B8FCC7-6918-33DC-8A7F-DBCE4DEB5D66}.MinSizeRel|Win32.ActiveCfg = MinSizeRel|Win32
		{D5B8FCC7-6918-33DC-8A7F-DBCE4DEB5D66}.MinSizeRel|Win32.Build.0 = MinSizeRel|Win32
		{D5B8FCC7-6918-33DC-8A7F-DBCE4DEB5D66}.RelWithDebInfo|Win32.ActiveCfg = RelWithDebInfo|Win32
		{D5B8FCC7-6918-33DC-8A7F-DBCE4DEB5D66}.RelWithDebInfo|Win32.Build.0 = RelWithDebInfo|Win32
		{9878B24F-DA6D-3CBF-A40B-307E33F8FE97}.Debug|Win32.ActiveCfg = Debug|Win32
		{9878B24F-DA6D-3CBF-A40B-307E33F8FE97}.Debug|Win32.Build.0 = Debug|Win32
		{9878B24F-DA6D-3CBF-A40B-307E33F8FE97}.Release|Win32.ActiveCfg = Release|Win32
		{9878B24F-DA6D-3CBF-A40B-307E33F8FE97}.Release|Win32.Build.0 = Release|Win32
		{9878B24F-DA6D-3CBF-A40B-307E33F8FE97}.MinSizeRel|Win32.ActiveCfg = MinSizeRel|Win32
		{9878B24F-DA6D-3CBF-A40B-307E33F8FE97}.MinSizeRel|Win32.Build.0 = MinSizeRel|Win32
		{9878B24F-DA6D-3CBF-A40B-307E33F8FE97}.RelWithDebInfo|Win32.ActiveCfg = RelWithDebInfo|Win32
		{9878B24F-DA6D-3CBF-A40B-307E33F8FE97}.RelWithDebInfo|Win32.Build.0 = RelWithDebInfo|Win32
		{218DE23A-E57D-35D5-8B42-F661A7061BCC}.Debug|Win32.ActiveCfg = Debug|Win32
		{218DE23A-E57D-35D5-8B42-F661A7061BCC}.Debug|Win32.Build.0 = Debug|Win32
		{218DE23A-E57D-35D5-8B42-F661A7061BCC}.Release|Win32.ActiveCfg = Release|Win32
		{218DE23A-E57D-35D5-8B42-F661A7061BCC}.Release|Win32.Build.0 = Release|Win32
		{218DE23A-E57D-35D5-8B42-F661A7061BCC}.MinSizeRel|Win32.ActiveCfg = MinSizeRel|Win32
		{218DE23A-E57D-35D5-8B42-F661A7061BCC}.MinSizeRel|Win32.Build.0 = MinSizeRel|Win32
		{218DE23A-E57D-35D5-8B42-F661A7061BCC}.RelWithDebInfo|Win32.ActiveCfg = RelWithDebInfo|Win32
		{218DE23A-E57D-35D5-8B42-F661A7061BCC}.RelWithDebInfo|Win32.Build.0 = RelWithDebInfo|Win32
		{3CA7AD26-9045-3068-997F-369AA4D1530D}.Debug|Win32.ActiveCfg = Debug|Win32
		{3CA7AD26-9045-3068-997F-369AA4D1530D}.Debug|Win32.Build.0 = Debug|Win32
		{3CA7AD26-9045-3068-997F-369AA4D1530D}.Release|Win32.ActiveCfg = Release|Win32
		{3CA7AD26-9045-3068-997F-369AA4D1530D}.Release|Win32.Build.0 = Release|Win32
		{3CA7AD26-9045-3068-997F-369AA4D1530D}.MinSizeRel|Win32.ActiveCfg = MinSizeRel|Win32
		{3CA7AD26-9045-3068-997F-369AA4D1530D}.MinSizeRel|Win32.Build.0 = MinSizeRel|Win32
		{3CA7AD26-9045-3068-997F-369AA4D1530D}.RelWithDebInfo|Win32.ActiveCfg = RelWithDebInfo|Win32
		{3CA7AD26-9045-3068-997F-369AA4D1530D}.RelWithDebInfo|Win32.Build.0 = RelWithDebInfo|Win32
		{B52F16D9-0511-3CA4-818D-6FB693F91675}.Debug|Win32.ActiveCfg = Debug|Win32
		{B52F16D9-0511-3CA4-818D-6FB693F91675}.Debug|Win32.Build.0 = Debug|Win32
		{B52F16D9-0511-3CA4-818D-6FB693F91675}.Release|Win32.ActiveCfg = Release|Win32
		{B52F16D9-0511-3CA4-818D-6FB693F91675}.Release|Win32.Build.0 = Release|Win32
		{B52F16D9-0511-3CA4-818D-6FB693F91675}.MinSizeRel|Win32.ActiveCfg = MinSizeRel|Win32
		{B52F16D9-0511-3CA4-818D-6FB693F91675}.MinSizeRel|Win32.Build.0 = MinSizeRel|Win32
		{B52F16D9-0511-3CA4-818D-6FB693F91675}.RelWithDebInfo|Win32.ActiveCfg = RelWithDebInfo|Win32
		{B52F16D9-0511-3CA4-818D-6FB693F91675}.RelWithDebInfo|Win32.Build.0 = RelWithDebInfo|Win32
		{97014A3A-F1E7-356F-B823-245A9D0C777E}.Debug|Win32.ActiveCfg = Debug|Win32
		{97014A3A-F1E7-356F-B823-245A9D0C777E}.Debug|Win32.Build.0 = Debug|Win32
		{97014A3A-F1E7-356F-B823-245A9D0C777E}.Release|Win32.ActiveCfg = Release|Win32
		{97014A3A-F1E7-356F-B823-245A9D0C777E}.Release|Win32.Build.0 = Release|Win32
		{97014A3A-F1E7-356F-B823-245A9D0C777E}.MinSizeRel|Win32.ActiveCfg = MinSizeRel|Win32
		{97014A3A-F1E7-356F-B823-245A9D0C777E}.MinSizeRel|Win32.Build.0 = MinSizeRel|Win32
		{97014A3A-F1E7-356F-B823-245A9D0C777E}.RelWithDebInfo|Win32.ActiveCfg = RelWithDebInfo|Win32
		{97014A3A-F1E7-356F-B823-245A9D0C777E}.RelWithDebInfo|Win32.Build.0 = RelWithDebInfo|Win32
		{D9C26BB5-B165-3FE5-A568-690C2D61E18C}.Debug|Win32.ActiveCfg = Debug|Win32
		{D9C26BB5-B165-3FE5-A568-690C2D61E18C}.Debug|Win32.Build.0 = Debug|Win32
		{D9C26BB5-B165-3FE5-A568-690C2D61E18C}.Release|Win32.ActiveCfg = Release|Win32
		{D9C26BB5-B165-3FE5-A568-690C2D61E18C}.Release|Win32.Build.0 = Release|Win32
		{D9C26BB5-B165-3FE5-A568-690C2D61E18C}.MinSizeRel|Win32.ActiveCfg = MinSizeRel|Win32
		{D9C26BB5-B165-3FE5-A568-690C2D61E18C}.MinSizeRel|Win32.Build.0 = MinSizeRel|Win32
		{D9C26BB5-B165-3FE5-A568-690C2D61E18C}.RelWithDebInfo|Win32.ActiveCfg = RelWithDebInfo|Win32
		{D9C26BB5-B165-3FE5-A568-690C2D61E18C}.RelWithDebInfo|Win32.Build.0 = RelWithDebInfo|Win32
		{2337AA4E-D7B9-3639-883D-306A4506460B}.Debug|Win32.ActiveCfg = Debug|Win32
		{2337AA4E-D7B9-3639-883D-306A4506460B}.Debug|Win32.Build.0 = Debug|Win32
		{2337AA4E-D7B9-3639-883D-306A4506460B}.Release|Win32.ActiveCfg = Release|Win32
		{2337AA4E-D7B9-3639-883D-306A4506460B}.Release|Win32.Build.0 = Release|Win32
		{2337AA4E-D7B9-3639-883D-306A4506460B}.MinSizeRel|Win32.ActiveCfg = MinSizeRel|Win32
		{2337AA4E-D7B9-3639-883D-306A4506460B}.MinSizeRel|Win32.Build.0 = MinSizeRel|Win32
		{2337AA4E-D7B9-3639-883D-306A4506460B}.RelWithDebInfo|Win32.ActiveCfg = RelWithDebInfo|Win32
		{2337AA4E-D7B9-3639-883D-306A4506460B}.RelWithDebInfo|Win32.Build.0 = RelWithDebInfo|Win32
		{FD996FD7-7AE5-3631-8606-C130387B114D}.Debug|Win32.ActiveCfg = Debug|Win32
		{FD996FD7-7AE5-3631-8606-C130387B114D}.Debug|Win32.Build.0 = Debug|Win32
		{FD996FD7-7AE5-3631-8606-C130387B114D}.Release|Win32.ActiveCfg = Release|Win32
		{FD996FD7-7AE5-3631-8606-C130387B114D}.Release|Win32.Build.0 = Release|Win32
		{FD996FD7-7AE5-3631-8606-C130387B114D}.MinSizeRel|Win32.ActiveCfg = MinSizeRel|Win32
		{FD996FD7-7AE5-3631-8606-C130387B114D}.MinSizeRel|Win32.Build.0 = MinSizeRel|Win32
		{FD996FD7-7AE5-3631-8606-C130387B114D}.RelWithDebInfo|Win32.ActiveCfg = RelWithDebInfo|Win32
		{FD996FD7-7AE5-3631-8606-C130387B114D}.RelWithDebInfo|Win32.Build.0 = RelWithDebInfo|Win32
		{A59C5648-B2FA-3386-A39C-6BF83204CF9C}.Debug|Win32.ActiveCfg = Debug|Win32
		{A59C5648-B2FA-3386-A39C-6BF83204CF9C}.Debug|Win32.Build.0 = Debug|Win32
		{A59C5648-B2FA-3386-A39C-6BF83204CF9C}.Release|Win32.ActiveCfg = Release|Win32
		{A59C5648-B2FA-3386-A39C-6BF83204CF9C}.Release|Win32.Build.0 = Release|Win32
		{A59C5648-B2FA-3386-A39C-6BF83204CF9C}.MinSizeRel|Win32.ActiveCfg = MinSizeRel|Win32
		{A59C5648-B2FA-3386-A39C-6BF83204CF9C}.MinSizeRel|Win32.Build.0 = MinSizeRel|Win32
		{A59C5648-B2FA-3386-A39C-6BF83204CF9C}.RelWithDebInfo|Win32.ActiveCfg = RelWithDebInfo|Win32
		{A59C5648-B2FA-3386-A39C-6BF83204CF9C}.RelWithDebInfo|Win32.Build.0 = RelWithDebInfo|Win32
		{CC7EA797-9750-3D21-8FA5-11EE9D659363}.Debug|Win32.ActiveCfg = Debug|Win32
		{CC7EA797-9750-3D21-8FA5-11EE9D659363}.Debug|Win32.Build.0 = Debug|Win32
		{CC7EA797-9750-3D21-8FA5-11EE9D659363}.Release|Win32.ActiveCfg = Release|Win32
		{CC7EA797-9750-3D21-8FA5-11EE9D659363}.Release|Win32.Build.0 = Release|Win32
		{CC7EA797-9750-3D21-8FA5-11EE9D659363}.MinSizeRel|Win32.ActiveCfg = MinSizeRel|Win32
		{CC7EA797-9750-3D21-8FA5-11EE9D659363}.MinSizeRel|Win32.Build.0 = MinSizeRel|Win32
		{CC7EA797-9750-3D21-8FA5-11EE9D659363}.RelWithDebInfo|Win32.ActiveCfg = RelWithDebInfo|Win32
		{CC7EA797-9750-3D21-8FA5-11EE9D659363}.RelWithDebInfo|Win32.Build.0 = RelWithDebInfo|Win32
		{C9C6CDDA-8447-3280-8C26-9F2A6770973A}.Debug|Win32.ActiveCfg = Debug|Win32
		{C9C6CDDA-8447-3280-8C26-9F2A6770973A}.Debug|Win32.Build.0 = Debug|Win32
		{C9C6CDDA-8447-3280-8C26-9F2A6770973A}.Release|Win32.ActiveCfg = Release|Win32
		{C9C6CDDA-8447-3280-8C26-9F2A6770973A}.Release|Win32.Build.0 = Release|Win32
		{C9C6CDDA-8447-3280-8C26-9F2A6770973A}.MinSizeRel|Win32.ActiveCfg = MinSizeRel|Win32
		{C9C6CDDA-8447-3280-8C26-9F2A6770973A}.MinSizeRel|Win32.Build.0 = MinSizeRel|Win32
		{C9C6CDDA-8447-3280-8C26-9F2A6770973A}.RelWithDebInfo|Win32.ActiveCfg = RelWithDebInfo|Win32
		{C9C6CDDA-8447-3280-8C26-9F2A6770973A}.RelWithDebInfo|Win32.Build.0 = RelWithDebInfo|Win32
		{A65152EF-84EF-3E83-AAB7-531AA68619BC}.Debug|Win32.ActiveCfg = Debug|Win32
		{A65152EF-84EF-3E83-AAB7-531AA68619BC}.Debug|Win32.Build.0 = Debug|Win32
		{A65152EF-84EF-3E83-AAB7-531AA68619BC}.Release|Win32.ActiveCfg = Release|Win32
		{A65152EF-84EF-3E83-AAB7-531AA68619BC}.Release|Win32.Build.0 = Release|Win32
		{A65152EF-84EF-3E83-AAB7-531AA68619BC}.MinSizeRel|Win32.ActiveCfg = MinSizeRel|Win32
		{A65152EF-84EF-3E83-AAB7-531AA68619BC}.MinSizeRel|Win32.Build.0 = MinSizeRel|Win32
		{A65152EF-84EF-3E83-AAB7-531AA68619BC}.RelWithDebInfo|Win32.ActiveCfg = RelWithDebInfo|Win32
		{A65152EF-84EF-3E83-AAB7-531AA68619BC}.RelWithDebInfo|Win32.Build.0 = RelWithDebInfo|Win32
		{3F6015A5-0B2B-3D74-98D3-399609C78957}.Debug|Win32.ActiveCfg = Debug|Win32
		{3F6015A5-0B2B-3D74-98D3-399609C78957}.Debug|Win32.Build.0 = Debug|Win32
		{3F6015A5-0B2B-3D74-98D3-399609C78957}.Release|Win32.ActiveCfg = Release|Win32
		{3F6015A5-0B2B-3D74-98D3-399609C78957}.Release|Win32.Build.0 = Release|Win32
		{3F6015A5-0B2B-3D74-98D3-399609C78957}.MinSizeRel|Win32.ActiveCfg = MinSizeRel|Win32
		{3F6015A5-0B2B-3D74-98D3-399609C78957}.MinSizeRel|Win32.Build.0 = MinSizeRel|Win32
		{3F6015A5-0B2B-3D74-98D3-399609C78957}.RelWithDebInfo|Win32.ActiveCfg = RelWithDebInfo|Win32
		{3F6015A5-0B2B-3D74-98D3-399609C78957}.RelWithDebInfo|Win32.Build.0 = RelWithDebInfo|Win32
		{8FB7F305-173E-3414-9B73-6E07159AE6EF}.Debug|Win32.ActiveCfg = Debug|Win32
		{8FB7F305-173E-3414-9B73-6E07159AE6EF}.Debug|Win32.Build.0 = Debug|Win32
		{8FB7F305-173E-3414-9B73-6E07159AE6EF}.Release|Win32.ActiveCfg = Release|Win32
		{8FB7F305-173E-3414-9B73-6E07159AE6EF}.Release|Win32.Build.0 = Release|Win32
		{8FB7F305-173E-3414-9B73-6E07159AE6EF}.MinSizeRel|Win32.ActiveCfg = MinSizeRel|Win32
		{8FB7F305-173E-3414-9B73-6E07159AE6EF}.MinSizeRel|Win32.Build.0 = MinSizeRel|Win32
		{8FB7F305-173E-3414-9B73-6E07159AE6EF}.RelWithDebInfo|Win32.ActiveCfg = RelWithDebInfo|Win32
		{8FB7F305-173E-3414-9B73-6E07159AE6EF}.RelWithDebInfo|Win32.Build.0 = RelWithDebInfo|Win32
		{EF39EFF7-3128-3B8F-8608-0874289DF471}.Debug|Win32.ActiveCfg = Debug|Win32
		{EF39EFF7-3128-3B8F-8608-0874289DF471}.Debug|Win32.Build.0 = Debug|Win32
		{EF39EFF7-3128-3B8F-8608-0874289DF471}.Release|Win32.ActiveCfg = Release|Win32
		{EF39EFF7-3128-3B8F-8608-0874289DF471}.Release|Win32.Build.0 = Release|Win32
		{EF39EFF7-3128-3B8F-8608-0874289DF471}.MinSizeRel|Win32.ActiveCfg = MinSizeRel|Win32
		{EF39EFF7-3128-3B8F-8608-0874289DF471}.MinSizeRel|Win32.Build.0 = MinSizeRel|Win32
		{EF39EFF7-3128-3B8F-8608-0874289DF471}.RelWithDebInfo|Win32.ActiveCfg = RelWithDebInfo|Win32
		{EF39EFF7-3128-3B8F-8608-0874289DF471}.RelWithDebInfo|Win32.Build.0 = RelWithDebInfo|Win32
		{6015E092-377D-3085-B9C1-3E65620BA3F8}.Debug|Win32.ActiveCfg = Debug|Win32
		{6015E092-377D-3085-B9C1-3E65620BA3F8}.Debug|Win32.Build.0 = Debug|Win32
		{6015E092-377D-3085-B9C1-3E65620BA3F8}.Release|Win32.ActiveCfg = Release|Win32
		{6015E092-377D-3085-B9C1-3E65620BA3F8}.Release|Win32.Build.0 = Release|Win32
		{6015E092-377D-3085-B9C1-3E65620BA3F8}.MinSizeRel|Win32.ActiveCfg = MinSizeRel|Win32
		{6015E092-377D-3085-B9C1-3E65620BA3F8}.MinSizeRel|Win32.Build.0 = MinSizeRel|Win32
		{6015E092-377D-3085-B9C1-3E65620BA3F8}.RelWithDebInfo|Win32.ActiveCfg = RelWithDebInfo|Win32
		{6015E092-377D-3085-B9C1-3E65620BA3F8}.RelWithDebInfo|Win32.Build.0 = RelWithDebInfo|Win32
		{56B63717-FEFF-36C1-B78C-D56BB65356B3}.Debug|Win32.ActiveCfg = Debug|Win32
		{56B63717-FEFF-36C1-B78C-D56BB65356B3}.Debug|Win32.Build.0 = Debug|Win32
		{56B63717-FEFF-36C1-B78C-D56BB65356B3}.Release|Win32.ActiveCfg = Release|Win32
		{56B63717-FEFF-36C1-B78C-D56BB65356B3}.Release|Win32.Build.0 = Release|Win32
		{56B63717-FEFF-36C1-B78C-D56BB65356B3}.MinSizeRel|Win32.ActiveCfg = MinSizeRel|Win32
		{56B63717-FEFF-36C1-B78C-D56BB65356B3}.MinSizeRel|Win32.Build.0 = MinSizeRel|Win32
		{56B63717-FEFF-36C1-B78C-D56BB65356B3}.RelWithDebInfo|Win32.ActiveCfg = RelWithDebInfo|Win32
		{56B63717-FEFF-36C1-B78C-D56BB65356B3}.RelWithDebInfo|Win32.Build.0 = RelWithDebInfo|Win32
		{E072A63D-7702-3532-BED2-9E8AC9EAE7DA}.Debug|Win32.ActiveCfg = Debug|Win32
		{E072A63D-7702-3532-BED2-9E8AC9EAE7DA}.Release|Win32.ActiveCfg = Release|Win32
		{E072A63D-7702-3532-BED2-9E8AC9EAE7DA}.MinSizeRel|Win32.ActiveCfg = MinSizeRel|Win32
		{E072A63D-7702-3532-BED2-9E8AC9EAE7DA}.RelWithDebInfo|Win32.ActiveCfg = RelWithDebInfo|Win32
		{DEADB17F-B724-3E7C-AE54-54639A1AC0DE}.Debug|Win32.ActiveCfg = Debug|Win32
		{DEADB17F-B724-3E7C-AE54-54639A1AC0DE}.Debug|Win32.Build.0 = Debug|Win32
		{DEADB17F-B724-3E7C-AE54-54639A1AC0DE}.Release|Win32.ActiveCfg = Release|Win32
		{DEADB17F-B724-3E7C-AE54-54639A1AC0DE}.Release|Win32.Build.0 = Release|Win32
		{DEADB17F-B724-3E7C-AE54-54639A1AC0DE}.MinSizeRel|Win32.ActiveCfg = MinSizeRel|Win32
		{DEADB17F-B724-3E7C-AE54-54639A1AC0DE}.MinSizeRel|Win32.Build.0 = MinSizeRel|Win32
		{DEADB17F-B724-3E7C-AE54-54639A1AC0DE}.RelWithDebInfo|Win32.ActiveCfg = RelWithDebInfo|Win32
		{DEADB17F-B724-3E7C-AE54-54639A1AC0DE}.RelWithDebInfo|Win32.Build.0 = RelWithDebInfo|Win32
		{30244973-141C-3774-9C7A-AAD3D90DA47C}.Debug|Win32.ActiveCfg = Debug|Win32
		{30244973-141C-3774-9C7A-AAD3D90DA47C}.Debug|Win32.Build.0 = Debug|Win32
		{30244973-141C-3774-9C7A-AAD3D90DA47C}.Release|Win32.ActiveCfg = Release|Win32
		{30244973-141C-3774-9C7A-AAD3D90DA47C}.Release|Win32.Build.0 = Release|Win32
		{30244973-141C-3774-9C7A-AAD3D90DA47C}.MinSizeRel|Win32.ActiveCfg = MinSizeRel|Win32
		{30244973-141C-3774-9C7A-AAD3D90DA47C}.MinSizeRel|Win32.Build.0 = MinSizeRel|Win32
		{30244973-141C-3774-9C7A-AAD3D90DA47C}.RelWithDebInfo|Win32.ActiveCfg = RelWithDebInfo|Win32
		{30244973-141C-3774-9C7A-AAD3D90DA47C}.RelWithDebInfo|Win32.Build.0 = RelWithDebInfo|Win32
	EndGlobalSection
	GlobalSection(NestedProjects) = preSolution
		{04416AC0-51B5-33E1-B7DA-FC54B8EDADF8} = {90C87827-D7F1-3E98-A9A2-AAAAD89DCC33}
		{4DB2EB14-6ED3-3B87-BD6B-D0B789F3BC8B} = {90C87827-D7F1-3E98-A9A2-AAAAD89DCC33}
		{5568564A-8475-3EE7-8B4B-17E291050167} = {90C87827-D7F1-3E98-A9A2-AAAAD89DCC33}
		{7C634043-5573-35F9-ABB3-F93CDF85F1A7} = {B2DC5EA4-3D39-3D5A-86BB-19B1223C03C3}
		{E0B132D0-7A97-35B0-A468-AE94F66F3A61} = {B2DC5EA4-3D39-3D5A-86BB-19B1223C03C3}
		{DB791B0F-FAF1-310F-89F9-C976C54BDE3D} = {B2DC5EA4-3D39-3D5A-86BB-19B1223C03C3}
		{E072A63D-7702-3532-BED2-9E8AC9EAE7DA} = {B2DC5EA4-3D39-3D5A-86BB-19B1223C03C3}
		{ED81D971-1DA7-3D04-BB28-C8617F16A7D0} = {7C634043-5573-35F9-ABB3-F93CDF85F1A7}
		{A49C9072-2F91-32D4-B8BC-183AB6B213B8} = {7C634043-5573-35F9-ABB3-F93CDF85F1A7}
		{2274DCFE-D22F-369A-9694-F396E15619F9} = {7C634043-5573-35F9-ABB3-F93CDF85F1A7}
		{D9C26BB5-B165-3FE5-A568-690C2D61E18C} = {7C634043-5573-35F9-ABB3-F93CDF85F1A7}
		{FD996FD7-7AE5-3631-8606-C130387B114D} = {7C634043-5573-35F9-ABB3-F93CDF85F1A7}
		{CC7EA797-9750-3D21-8FA5-11EE9D659363} = {7C634043-5573-35F9-ABB3-F93CDF85F1A7}
		{C9C6CDDA-8447-3280-8C26-9F2A6770973A} = {7C634043-5573-35F9-ABB3-F93CDF85F1A7}
		{A65152EF-84EF-3E83-AAB7-531AA68619BC} = {7C634043-5573-35F9-ABB3-F93CDF85F1A7}
		{DEADB17F-B724-3E7C-AE54-54639A1AC0DE} = {7C634043-5573-35F9-ABB3-F93CDF85F1A7}
		{E2FD5F42-3E68-354B-8EA8-06818E6E198E} = {E0B132D0-7A97-35B0-A468-AE94F66F3A61}
		{8F5B2A72-737B-3D2B-B84D-4444CAE98D8A} = {E0B132D0-7A97-35B0-A468-AE94F66F3A61}
		{8DD0842E-E107-3C9C-959F-0C837466737C} = {E0B132D0-7A97-35B0-A468-AE94F66F3A61}
		{2A9CBD84-2CE3-3F29-BC6F-07D3DEA13468} = {E0B132D0-7A97-35B0-A468-AE94F66F3A61}
		{0DE78D5E-457F-3C09-BA53-7EB50CF24636} = {E0B132D0-7A97-35B0-A468-AE94F66F3A61}
		{B4602B68-764F-3ABE-931C-F50DC17A1290} = {E0B132D0-7A97-35B0-A468-AE94F66F3A61}
		{D5B8FCC7-6918-33DC-8A7F-DBCE4DEB5D66} = {E0B132D0-7A97-35B0-A468-AE94F66F3A61}
		{9878B24F-DA6D-3CBF-A40B-307E33F8FE97} = {E0B132D0-7A97-35B0-A468-AE94F66F3A61}
		{218DE23A-E57D-35D5-8B42-F661A7061BCC} = {E0B132D0-7A97-35B0-A468-AE94F66F3A61}
		{3CA7AD26-9045-3068-997F-369AA4D1530D} = {E0B132D0-7A97-35B0-A468-AE94F66F3A61}
		{B52F16D9-0511-3CA4-818D-6FB693F91675} = {E0B132D0-7A97-35B0-A468-AE94F66F3A61}
		{97014A3A-F1E7-356F-B823-245A9D0C777E} = {E0B132D0-7A97-35B0-A468-AE94F66F3A61}
		{2337AA4E-D7B9-3639-883D-306A4506460B} = {E0B132D0-7A97-35B0-A468-AE94F66F3A61}
		{A59C5648-B2FA-3386-A39C-6BF83204CF9C} = {E0B132D0-7A97-35B0-A468-AE94F66F3A61}
		{3F6015A5-0B2B-3D74-98D3-399609C78957} = {E0B132D0-7A97-35B0-A468-AE94F66F3A61}
		{8FB7F305-173E-3414-9B73-6E07159AE6EF} = {E0B132D0-7A97-35B0-A468-AE94F66F3A61}
		{EF39EFF7-3128-3B8F-8608-0874289DF471} = {E0B132D0-7A97-35B0-A468-AE94F66F3A61}
		{6015E092-377D-3085-B9C1-3E65620BA3F8} = {E0B132D0-7A97-35B0-A468-AE94F66F3A61}
		{56B63717-FEFF-36C1-B78C-D56BB65356B3} = {E0B132D0-7A97-35B0-A468-AE94F66F3A61}
		{30244973-141C-3774-9C7A-AAD3D90DA47C} = {E0B132D0-7A97-35B0-A468-AE94F66F3A61}
	EndGlobalSection
	GlobalSection(ExtensibilityGlobals) = postSolution
		SolutionGuid = {BE181911-5D30-3EE2-A60B-88D86F28345B}
	EndGlobalSection
	GlobalSection(ExtensibilityAddIns) = postSolution
	EndGlobalSection
EndGlobal
