<?xml version="1.0" encoding="utf-8"?>
<Project ToolsVersion="15.0" xmlns="http://schemas.microsoft.com/developer/msbuild/2003">
  <ItemGroup>
    <ClCompile Include="C:\src\scadulous\viewers\giewer\glfw-3.3.2\tests\tearing.c">
      <Filter>Source Files</Filter>
    </ClCompile>
    <ClCompile Include="C:\src\scadulous\viewers\giewer\glfw-3.3.2\deps\glad_gl.c">
      <Filter>Source Files</Filter>
    </ClCompile>
  </ItemGroup>
  <ItemGroup>
    <ClInclude Include="C:\src\scadulous\viewers\giewer\glfw-3.3.2\deps\glad\gl.h">
      <Filter>Header Files</Filter>
    </ClInclude>
  </ItemGroup>
  <ItemGroup>
    <CustomBuild Include="C:\src\scadulous\viewers\giewer\glfw-3.3.2\tests\CMakeLists.txt" />
  </ItemGroup>
  <ItemGroup>
    <Filter Include="Header Files">
      <UniqueIdentifier>{2F5ECAB1-F529-3B29-9127-421D1F91D979}</UniqueIdentifier>
    </Filter>
    <Filter Include="Source Files">
      <UniqueIdentifier>{4FE1F59E-037B-386F-AA5F-F3AB2BB948CF}</UniqueIdentifier>
    </Filter>
  </ItemGroup>
</Project>
